
Microsoft Visual Studio Solution File, Format Version 12.00
# Visual Studio Version 17
VisualStudioVersion = 17.3.32929.385
MinimumVisualStudioVersion = 10.0.40219.1
Project("{FAE04EC0-301F-11D3-BF4B-00C04F79EFBC}") = "Strategy game", "Strategy game\Strategy game.csproj", "{848EF4CA-D463-4C14-94AB-D65DC2647F73}"
EndProject
Global
	GlobalSection(SolutionConfigurationPlatforms) = preSolution
		Debug|Any CPU = Debug|Any CPU
		Release|Any CPU = Release|Any CPU
	EndGlobalSection
	GlobalSection(ProjectConfigurationPlatforms) = postSolution
		{848EF4CA-D463-4C14-94AB-D65DC2647F73}.Debug|Any CPU.ActiveCfg = Debug|Any CPU
		{848EF4CA-D463-4C14-94AB-D65DC2647F73}.Debug|Any CPU.Build.0 = Debug|Any CPU
		{848EF4CA-D463-4C14-94AB-D65DC2647F73}.Release|Any CPU.ActiveCfg = Release|Any CPU
		{848EF4CA-D463-4C14-94AB-D65DC2647F73}.Release|Any CPU.Build.0 = Release|Any CPU
	EndGlobalSection
	GlobalSection(SolutionProperties) = preSolution
		HideSolutionNode = FALSE
	EndGlobalSection
	GlobalSection(ExtensibilityGlobals) = postSolution
		SolutionGuid = {EA67076F-E1B9-44B5-993B-434F337959F9}
	EndGlobalSection
EndGlobal
